
Microsoft Visual Studio Solution File, Format Version 12.00
# Visual Studio Version 16
VisualStudioVersion = 16.0.31702.278
MinimumVisualStudioVersion = 10.0.40219.1
Project("{FAE04EC0-301F-11D3-BF4B-00C04F79EFBC}") = "ModFinder_WOTR", "ModFinder_WOTR.csproj", "{39D97F16-BDF9-4055-AD33-D2B1CA790F71}"
EndProject
Global
	GlobalSection(SolutionConfigurationPlatforms) = preSolution
		Debug|Any CPU = Debug|Any CPU
		Release|Any CPU = Release|Any CPU
	EndGlobalSection
	GlobalSection(ProjectConfigurationPlatforms) = postSolution
		{39D97F16-BDF9-4055-AD33-D2B1CA790F71}.Debug|Any CPU.ActiveCfg = Debug|Any CPU
		{39D97F16-BDF9-4055-AD33-D2B1CA790F71}.Debug|Any CPU.Build.0 = Debug|Any CPU
		{39D97F16-BDF9-4055-AD33-D2B1CA790F71}.Release|Any CPU.ActiveCfg = Release|Any CPU
		{39D97F16-BDF9-4055-AD33-D2B1CA790F71}.Release|Any CPU.Build.0 = Release|Any CPU
	EndGlobalSection
	GlobalSection(SolutionProperties) = preSolution
		HideSolutionNode = FALSE
	EndGlobalSection
	GlobalSection(ExtensibilityGlobals) = postSolution
		SolutionGuid = {1CA28036-D8DA-4722-B73A-C1CB6FCC8FF9}
	EndGlobalSection
EndGlobal
